PODS:
  - Alamofire (4.0.1)
  - HandyJSON (1.7.2)

DEPENDENCIES:
  - Alamofire (~> 4.0.1)
  - HandyJSON

SPEC CHECKSUMS:
  Alamofire: 7682d43245de14874acd142ec137b144aa1dd335
  HandyJSON: e7ad0483005826baba1d1c251cd98d0aa8bd8cce

PODFILE CHECKSUM: 1dc1745386efea54fb029bd2748f4fa089df49d9

COCOAPODS: 1.0.1
